
Microsoft Visual Studio Solution File, Format Version 12.00
# Visual Studio Version 17
VisualStudioVersion = 17.2.32519.379
MinimumVisualStudioVersion = 10.0.40219.1
Project("{FAE04EC0-301F-11D3-BF4B-00C04F79EFBC}") = "5oshibki", "5oshibki.csproj", "{341D0F72-E716-4CD1-BEEF-44D4052B8D99}"
EndProject
Global
	GlobalSection(SolutionConfigurationPlatforms) = preSolution
		Debug|Any CPU = Debug|Any CPU
		Release|Any CPU = Release|Any CPU
	EndGlobalSection
	GlobalSection(ProjectConfigurationPlatforms) = postSolution
		{341D0F72-E716-4CD1-BEEF-44D4052B8D99}.Debug|Any CPU.ActiveCfg = Debug|Any CPU
		{341D0F72-E716-4CD1-BEEF-44D4052B8D99}.Debug|Any CPU.Build.0 = Debug|Any CPU
		{341D0F72-E716-4CD1-BEEF-44D4052B8D99}.Release|Any CPU.ActiveCfg = Release|Any CPU
		{341D0F72-E716-4CD1-BEEF-44D4052B8D99}.Release|Any CPU.Build.0 = Release|Any CPU
	EndGlobalSection
	GlobalSection(SolutionProperties) = preSolution
		HideSolutionNode = FALSE
	EndGlobalSection
	GlobalSection(ExtensibilityGlobals) = postSolution
		SolutionGuid = {08F14399-972E-4575-9F90-F335BE020D94}
	EndGlobalSection
EndGlobal
